PODS:
  - boost-for-react-native (1.63.0)
  - DoubleConversion (1.1.6)
  - FBLazyVector (0.63.3-0)
  - FBReactNativeSpec (0.63.3-0):
    - Folly (= 2020.01.13.00)
    - RCTRequired (= 0.63.3-0)
    - RCTTypeSafety (= 0.63.3-0)
    - React-Core (= 0.63.3-0)
    - React-jsi (= 0.63.3-0)
    - ReactCommon/turbomodule/core (= 0.63.3-0)
  - Folly (2020.01.13.00):
    - boost-for-react-native
    - DoubleConversion
    - Folly/Default (= 2020.01.13.00)
    - glog
  - Folly/Default (2020.01.13.00):
    - boost-for-react-native
    - DoubleConversion
    - glog
  - glog (0.3.5)
  - RCTRequired (0.63.3-0)
  - RCTTypeSafety (0.63.3-0):
    - FBLazyVector (= 0.63.3-0)
    - Folly (= 2020.01.13.00)
    - RCTRequired (= 0.63.3-0)
    - React-Core (= 0.63.3-0)
  - React (0.63.3-0):
    - React-Core (= 0.63.3-0)
    - React-Core/DevSupport (= 0.63.3-0)
    - React-Core/RCTWebSocket (= 0.63.3-0)
    - React-RCTAnimation (= 0.63.3-0)
    - React-RCTBlob (= 0.63.3-0)
    - React-RCTImage (= 0.63.3-0)
    - React-RCTLinking (= 0.63.3-0)
    - React-RCTNetwork (= 0.63.3-0)
    - React-RCTSettings (= 0.63.3-0)
    - React-RCTText (= 0.63.3-0)
  - React-callinvoker (0.63.3-0)
  - React-Core (0.63.3-0):
    - Folly (= 2020.01.13.00)
    - glog
    - React-Core/Default (= 0.63.3-0)
    - React-cxxreact (= 0.63.3-0)
    - React-jsi (= 0.63.3-0)
    - React-jsiexecutor (= 0.63.3-0)
    - Yoga
  - React-Core/CoreModulesHeaders (0.63.3-0):
    - Folly (= 2020.01.13.00)
    - glog
    - React-Core/Default
    - React-cxxreact (= 0.63.3-0)
    - React-jsi (= 0.63.3-0)
    - React-jsiexecutor (= 0.63.3-0)
    - Yoga
  - React-Core/Default (0.63.3-0):
    - Folly (= 2020.01.13.00)
    - glog
    - React-cxxreact (= 0.63.3-0)
    - React-jsi (= 0.63.3-0)
    - React-jsiexecutor (= 0.63.3-0)
    - Yoga
  - React-Core/DevSupport (0.63.3-0):
    - Folly (= 2020.01.13.00)
    - glog
    - React-Core/Default (= 0.63.3-0)
    - React-Core/RCTWebSocket (= 0.63.3-0)
    - React-cxxreact (= 0.63.3-0)
    - React-jsi (= 0.63.3-0)
    - React-jsiexecutor (= 0.63.3-0)
    - React-jsinspector (= 0.63.3-0)
    - Yoga
  - React-Core/RCTAnimationHeaders (0.63.3-0):
    - Folly (= 2020.01.13.00)
    - glog
    - React-Core/Default
    - React-cxxreact (= 0.63.3-0)
    - React-jsi (= 0.63.3-0)
    - React-jsiexecutor (= 0.63.3-0)
    - Yoga
  - React-Core/RCTBlobHeaders (0.63.3-0):
    - Folly (= 2020.01.13.00)
    - glog
    - React-Core/Default
    - React-cxxreact (= 0.63.3-0)
    - React-jsi (= 0.63.3-0)
    - React-jsiexecutor (= 0.63.3-0)
    - Yoga
  - React-Core/RCTImageHeaders (0.63.3-0):
    - Folly (= 2020.01.13.00)
    - glog
    - React-Core/Default
    - React-cxxreact (= 0.63.3-0)
    - React-jsi (= 0.63.3-0)
    - React-jsiexecutor (= 0.63.3-0)
    - Yoga
  - React-Core/RCTLinkingHeaders (0.63.3-0):
    - Folly (= 2020.01.13.00)
    - glog
    - React-Core/Default
    - React-cxxreact (= 0.63.3-0)
    - React-jsi (= 0.63.3-0)
    - React-jsiexecutor (= 0.63.3-0)
    - Yoga
  - React-Core/RCTNetworkHeaders (0.63.3-0):
    - Folly (= 2020.01.13.00)
    - glog
    - React-Core/Default
    - React-cxxreact (= 0.63.3-0)
    - React-jsi (= 0.63.3-0)
    - React-jsiexecutor (= 0.63.3-0)
    - Yoga
  - React-Core/RCTSettingsHeaders (0.63.3-0):
    - Folly (= 2020.01.13.00)
    - glog
    - React-Core/Default
    - React-cxxreact (= 0.63.3-0)
    - React-jsi (= 0.63.3-0)
    - React-jsiexecutor (= 0.63.3-0)
    - Yoga
  - React-Core/RCTTextHeaders (0.63.3-0):
    - Folly (= 2020.01.13.00)
    - glog
    - React-Core/Default
    - React-cxxreact (= 0.63.3-0)
    - React-jsi (= 0.63.3-0)
    - React-jsiexecutor (= 0.63.3-0)
    - Yoga
  - React-Core/RCTWebSocket (0.63.3-0):
    - Folly (= 2020.01.13.00)
    - glog
    - React-Core/Default (= 0.63.3-0)
    - React-cxxreact (= 0.63.3-0)
    - React-jsi (= 0.63.3-0)
    - React-jsiexecutor (= 0.63.3-0)
    - Yoga
  - React-CoreModules (0.63.3-0):
    - FBReactNativeSpec (= 0.63.3-0)
    - Folly (= 2020.01.13.00)
    - RCTTypeSafety (= 0.63.3-0)
    - React-Core/CoreModulesHeaders (= 0.63.3-0)
    - React-jsi (= 0.63.3-0)
    - React-RCTImage (= 0.63.3-0)
    - ReactCommon/turbomodule/core (= 0.63.3-0)
  - React-cxxreact (0.63.3-0):
    - boost-for-react-native (= 1.63.0)
    - DoubleConversion
    - Folly (= 2020.01.13.00)
    - glog
    - React-callinvoker (= 0.63.3-0)
    - React-jsinspector (= 0.63.3-0)
  - React-jsi (0.63.3-0):
    - boost-for-react-native (= 1.63.0)
    - DoubleConversion
    - Folly (= 2020.01.13.00)
    - glog
    - React-jsi/Default (= 0.63.3-0)
  - React-jsi/Default (0.63.3-0):
    - boost-for-react-native (= 1.63.0)
    - DoubleConversion
    - Folly (= 2020.01.13.00)
    - glog
  - React-jsiexecutor (0.63.3-0):
    - DoubleConversion
    - Folly (= 2020.01.13.00)
    - glog
    - React-cxxreact (= 0.63.3-0)
    - React-jsi (= 0.63.3-0)
  - React-jsinspector (0.63.3-0)
  - react-native-cameraroll (4.0.2):
    - React-Core
  - react-native-maps (0.27.1):
    - React-Core
  - react-native-safe-area-context (3.1.9):
    - React-Core
  - React-RCTAnimation (0.63.3-0):
    - FBReactNativeSpec (= 0.63.3-0)
    - Folly (= 2020.01.13.00)
    - RCTTypeSafety (= 0.63.3-0)
    - React-Core/RCTAnimationHeaders (= 0.63.3-0)
    - React-jsi (= 0.63.3-0)
    - ReactCommon/turbomodule/core (= 0.63.3-0)
  - React-RCTBlob (0.63.3-0):
    - FBReactNativeSpec (= 0.63.3-0)
    - Folly (= 2020.01.13.00)
    - React-Core/RCTBlobHeaders (= 0.63.3-0)
    - React-Core/RCTWebSocket (= 0.63.3-0)
    - React-jsi (= 0.63.3-0)
    - React-RCTNetwork (= 0.63.3-0)
    - ReactCommon/turbomodule/core (= 0.63.3-0)
  - React-RCTImage (0.63.3-0):
    - FBReactNativeSpec (= 0.63.3-0)
    - Folly (= 2020.01.13.00)
    - RCTTypeSafety (= 0.63.3-0)
    - React-Core/RCTImageHeaders (= 0.63.3-0)
    - React-jsi (= 0.63.3-0)
    - React-RCTNetwork (= 0.63.3-0)
    - ReactCommon/turbomodule/core (= 0.63.3-0)
  - React-RCTLinking (0.63.3-0):
    - FBReactNativeSpec (= 0.63.3-0)
    - React-Core/RCTLinkingHeaders (= 0.63.3-0)
    - React-jsi (= 0.63.3-0)
    - ReactCommon/turbomodule/core (= 0.63.3-0)
  - React-RCTNetwork (0.63.3-0):
    - FBReactNativeSpec (= 0.63.3-0)
    - Folly (= 2020.01.13.00)
    - RCTTypeSafety (= 0.63.3-0)
    - React-Core/RCTNetworkHeaders (= 0.63.3-0)
    - React-jsi (= 0.63.3-0)
    - ReactCommon/turbomodule/core (= 0.63.3-0)
  - React-RCTSettings (0.63.3-0):
    - FBReactNativeSpec (= 0.63.3-0)
    - Folly (= 2020.01.13.00)
    - RCTTypeSafety (= 0.63.3-0)
    - React-Core/RCTSettingsHeaders (= 0.63.3-0)
    - React-jsi (= 0.63.3-0)
    - ReactCommon/turbomodule/core (= 0.63.3-0)
  - React-RCTText (0.63.3-0):
    - React-Core/RCTTextHeaders (= 0.63.3-0)
  - ReactCommon/turbomodule/core (0.63.3-0):
    - DoubleConversion
    - Folly (= 2020.01.13.00)
    - glog
    - React-callinvoker (= 0.63.3-0)
    - React-Core (= 0.63.3-0)
    - React-cxxreact (= 0.63.3-0)
    - React-jsi (= 0.63.3-0)
  - RNCMaskedView (0.1.10):
    - React
  - RNGestureHandler (1.10.3):
    - React-Core
  - RNReanimated (1.13.2):
    - React-Core
  - RNScreens (2.8.0):
    - React
  - Yoga (1.14.0)

DEPENDENCIES:
  - DoubleConversion (from `../node_modules/react-native/third-party-podspecs/DoubleConversion.podspec`)
  - FBLazyVector (from `../node_modules/react-native/Libraries/FBLazyVector`)
  - FBReactNativeSpec (from `../node_modules/react-native/Libraries/FBReactNativeSpec`)
  - Folly (from `../node_modules/react-native/third-party-podspecs/Folly.podspec`)
  - glog (from `../node_modules/react-native/third-party-podspecs/glog.podspec`)
  - RCTRequired (from `../node_modules/react-native/Libraries/RCTRequired`)
  - RCTTypeSafety (from `../node_modules/react-native/Libraries/TypeSafety`)
  - React (from `../node_modules/react-native/`)
  - React-callinvoker (from `../node_modules/react-native/ReactCommon/callinvoker`)
  - React-Core (from `../node_modules/react-native/`)
  - React-Core/DevSupport (from `../node_modules/react-native/`)
  - React-Core/RCTWebSocket (from `../node_modules/react-native/`)
  - React-CoreModules (from `../node_modules/react-native/React/CoreModules`)
  - React-cxxreact (from `../node_modules/react-native/ReactCommon/cxxreact`)
  - React-jsi (from `../node_modules/react-native/ReactCommon/jsi`)
  - React-jsiexecutor (from `../node_modules/react-native/ReactCommon/jsiexecutor`)
  - React-jsinspector (from `../node_modules/react-native/ReactCommon/jsinspector`)
  - "react-native-cameraroll (from `../node_modules/@react-native-community/cameraroll`)"
  - react-native-maps (from `../node_modules/react-native-maps`)
  - react-native-safe-area-context (from `../node_modules/react-native-safe-area-context`)
  - React-RCTAnimation (from `../node_modules/react-native/Libraries/NativeAnimation`)
  - React-RCTBlob (from `../node_modules/react-native/Libraries/Blob`)
  - React-RCTImage (from `../node_modules/react-native/Libraries/Image`)
  - React-RCTLinking (from `../node_modules/react-native/Libraries/LinkingIOS`)
  - React-RCTNetwork (from `../node_modules/react-native/Libraries/Network`)
  - React-RCTSettings (from `../node_modules/react-native/Libraries/Settings`)
  - React-RCTText (from `../node_modules/react-native/Libraries/Text`)
  - ReactCommon/turbomodule/core (from `../node_modules/react-native/ReactCommon`)
  - "RNCMaskedView (from `../node_modules/@react-native-community/masked-view`)"
  - RNGestureHandler (from `../node_modules/react-native-gesture-handler`)
  - RNReanimated (from `../node_modules/react-native-reanimated`)
  - RNScreens (from `../node_modules/react-native-screens`)
  - Yoga (from `../node_modules/react-native/ReactCommon/yoga`)

SPEC REPOS:
  https://github.com/cocoapods/specs.git:
    - boost-for-react-native

EXTERNAL SOURCES:
  DoubleConversion:
    :podspec: "../node_modules/react-native/third-party-podspecs/DoubleConversion.podspec"
  FBLazyVector:
    :path: "../node_modules/react-native/Libraries/FBLazyVector"
  FBReactNativeSpec:
    :path: "../node_modules/react-native/Libraries/FBReactNativeSpec"
  Folly:
    :podspec: "../node_modules/react-native/third-party-podspecs/Folly.podspec"
  glog:
    :podspec: "../node_modules/react-native/third-party-podspecs/glog.podspec"
  RCTRequired:
    :path: "../node_modules/react-native/Libraries/RCTRequired"
  RCTTypeSafety:
    :path: "../node_modules/react-native/Libraries/TypeSafety"
  React:
    :path: "../node_modules/react-native/"
  React-callinvoker:
    :path: "../node_modules/react-native/ReactCommon/callinvoker"
  React-Core:
    :path: "../node_modules/react-native/"
  React-CoreModules:
    :path: "../node_modules/react-native/React/CoreModules"
  React-cxxreact:
    :path: "../node_modules/react-native/ReactCommon/cxxreact"
  React-jsi:
    :path: "../node_modules/react-native/ReactCommon/jsi"
  React-jsiexecutor:
    :path: "../node_modules/react-native/ReactCommon/jsiexecutor"
  React-jsinspector:
    :path: "../node_modules/react-native/ReactCommon/jsinspector"
  react-native-cameraroll:
    :path: "../node_modules/@react-native-community/cameraroll"
  react-native-maps:
    :path: "../node_modules/react-native-maps"
  react-native-safe-area-context:
    :path: "../node_modules/react-native-safe-area-context"
  React-RCTAnimation:
    :path: "../node_modules/react-native/Libraries/NativeAnimation"
  React-RCTBlob:
    :path: "../node_modules/react-native/Libraries/Blob"
  React-RCTImage:
    :path: "../node_modules/react-native/Libraries/Image"
  React-RCTLinking:
    :path: "../node_modules/react-native/Libraries/LinkingIOS"
  React-RCTNetwork:
    :path: "../node_modules/react-native/Libraries/Network"
  React-RCTSettings:
    :path: "../node_modules/react-native/Libraries/Settings"
  React-RCTText:
    :path: "../node_modules/react-native/Libraries/Text"
  ReactCommon:
    :path: "../node_modules/react-native/ReactCommon"
  RNCMaskedView:
    :path: "../node_modules/@react-native-community/masked-view"
  RNGestureHandler:
    :path: "../node_modules/react-native-gesture-handler"
  RNReanimated:
    :path: "../node_modules/react-native-reanimated"
  RNScreens:
    :path: "../node_modules/react-native-screens"
  Yoga:
    :path: "../node_modules/react-native/ReactCommon/yoga"

SPEC CHECKSUMS:
  boost-for-react-native: 39c7adb57c4e60d6c5479dd8623128eb5b3f0f2c
  DoubleConversion: cde416483dac037923206447da6e1454df403714
  FBLazyVector: d24aa353e0df1ce13f33455ecdc53581c21cb8e2
  FBReactNativeSpec: 213c562ff59fa226fecaa5466b1af18070fbe86d
  Folly: b73c3869541e86821df3c387eb0af5f65addfab4
  glog: 40a13f7840415b9a77023fbcae0f1e6f43192af3
  RCTRequired: 98231cf4cf500e4de68990b8993cc0f436ee8f23
  RCTTypeSafety: 61f54ea8f060d174dc71b679dd772442f1630c0b
  React: f53ee0e29ff4db4475cdf04e2f78dca1ce058eb1
  React-callinvoker: 21773f320d67cec888dbb1ec78bd3160c5122e6a
  React-Core: f51ed7c51d468db23da03350e9b8356b3323b006
  React-CoreModules: ed0062633ec1b1277082ececc1c127a0d4201f2f
  React-cxxreact: 869ae1b583d60dc3472d0028b4368f6cfe3aa621
  React-jsi: 5ce5b7ca8fab0ad99f105eed24885378f58d413c
  React-jsiexecutor: ed40f5a2002cdc5c9551087d2ad07312f7692c8a
  React-jsinspector: 4f9ec704391789e4cfd5d6ef3da36a53ed6d17c5
  react-native-cameraroll: 57e3f4365678faa41a30eb6876248ac2518f75bb
  react-native-maps: add81caa409d2afd268530ee20a66066fc079af0
  react-native-safe-area-context: b6e0e284002381d2ff29fa4fff42b4d8282e3c94
  React-RCTAnimation: aec69e10c3f7126c1c353b416613619581d5a6b1
  React-RCTBlob: e6e33514f6123e956ef17cb6253b6326bf949548
  React-RCTImage: 687162d7cd544cd4ed0dbf56ffd58db896faf980
  React-RCTLinking: a0faac9caeed7aa82127857627ea013bf27011f4
  React-RCTNetwork: 1b4f075279df2d8d8f05d3bb9fe53e88ca234142
  React-RCTSettings: 5e8889a9646c8c18432c1c4a24682f8ce0b63e2d
  React-RCTText: fdf1d98de8e6556d35f837ac9121464363e10ad8
  ReactCommon: 13cb5bbb74ee1c844bc14aead4d8da214a7d3374
  RNCMaskedView: 5a8ec07677aa885546a0d98da336457e2bea557f
  RNGestureHandler: a479ebd5ed4221a810967000735517df0d2db211
  RNReanimated: e03f7425cb7a38dcf1b644d680d1bfc91c3337ad
  RNScreens: 62211832af51e0aebcf6e8c36bcf7dd65592f244
  Yoga: 5d20be5a2c1c18789d3181cbbff241010ff959e7

PODFILE CHECKSUM: 1d7025bb7ac031557f34965fe7ff2fafa8b31c8a

COCOAPODS: 1.7.5
